
Microsoft Visual Studio Solution File, Format Version 12.00
# Visual Studio Version 16
VisualStudioVersion = 16.0.31729.503
MinimumVisualStudioVersion = 10.0.40219.1
Project("{FAE04EC0-301F-11D3-BF4B-00C04F79EFBC}") = "HandOver.UWP", "HandOver\HandOver.UWP\HandOver.UWP.csproj", "{27246CC7-3DE9-4DC4-921F-B597FDBC8518}"
EndProject
Project("{FAE04EC0-301F-11D3-BF4B-00C04F79EFBC}") = "HandOver.Android", "HandOver\HandOver.Android\HandOver.Android.csproj", "{EED4F629-4BC8-4D68-BCB0-288AF0D5BE8E}"
EndProject
Project("{FAE04EC0-301F-11D3-BF4B-00C04F79EFBC}") = "HandOver.iOS", "HandOver\HandOver.iOS\HandOver.iOS.csproj", "{D3CC0748-C784-4BF4-805E-A2E9B9AB5F28}"
EndProject
Project("{FAE04EC0-301F-11D3-BF4B-00C04F79EFBC}") = "HandOver", "HandOver\HandOver\HandOver.csproj", "{5F8D78D3-AD8F-4097-B8DC-FEA42C13EC78}"
EndProject
Global
	GlobalSection(SolutionConfigurationPlatforms) = preSolution
		Debug|Any CPU = Debug|Any CPU
		Debug|ARM = Debug|ARM
		Debug|iPhone = Debug|iPhone
		Debug|iPhoneSimulator = Debug|iPhoneSimulator
		Debug|x64 = Debug|x64
		Debug|x86 = Debug|x86
		Release|Any CPU = Release|Any CPU
		Release|ARM = Release|ARM
		Release|iPhone = Release|iPhone
		Release|iPhoneSimulator = Release|iPhoneSimulator
		Release|x64 = Release|x64
		Release|x86 = Release|x86
	EndGlobalSection
	GlobalSection(ProjectConfigurationPlatforms) = postSolution
		{27246CC7-3DE9-4DC4-921F-B597FDBC8518}.Debug|Any CPU.ActiveCfg = Debug|x86
		{27246CC7-3DE9-4DC4-921F-B597FDBC8518}.Debug|Any CPU.Build.0 = Debug|x86
		{27246CC7-3DE9-4DC4-921F-B597FDBC8518}.Debug|Any CPU.Deploy.0 = Debug|x86
		{27246CC7-3DE9-4DC4-921F-B597FDBC8518}.Debug|ARM.ActiveCfg = Debug|ARM
		{27246CC7-3DE9-4DC4-921F-B597FDBC8518}.Debug|ARM.Build.0 = Debug|ARM
		{27246CC7-3DE9-4DC4-921F-B597FDBC8518}.Debug|ARM.Deploy.0 = Debug|ARM
		{27246CC7-3DE9-4DC4-921F-B597FDBC8518}.Debug|iPhone.ActiveCfg = Debug|x86
		{27246CC7-3DE9-4DC4-921F-B597FDBC8518}.Debug|iPhone.Build.0 = Debug|x86
		{27246CC7-3DE9-4DC4-921F-B597FDBC8518}.Debug|iPhone.Deploy.0 = Debug|x86
		{27246CC7-3DE9-4DC4-921F-B597FDBC8518}.Debug|iPhoneSimulator.ActiveCfg = Debug|x86
		{27246CC7-3DE9-4DC4-921F-B597FDBC8518}.Debug|iPhoneSimulator.Build.0 = Debug|x86
		{27246CC7-3DE9-4DC4-921F-B597FDBC8518}.Debug|iPhoneSimulator.Deploy.0 = Debug|x86
		{27246CC7-3DE9-4DC4-921F-B597FDBC8518}.Debug|x64.ActiveCfg = Debug|x64
		{27246CC7-3DE9-4DC4-921F-B597FDBC8518}.Debug|x64.Build.0 = Debug|x64
		{27246CC7-3DE9-4DC4-921F-B597FDBC8518}.Debug|x64.Deploy.0 = Debug|x64
		{27246CC7-3DE9-4DC4-921F-B597FDBC8518}.Debug|x86.ActiveCfg = Debug|x86
		{27246CC7-3DE9-4DC4-921F-B597FDBC8518}.Debug|x86.Build.0 = Debug|x86
		{27246CC7-3DE9-4DC4-921F-B597FDBC8518}.Debug|x86.Deploy.0 = Debug|x86
		{27246CC7-3DE9-4DC4-921F-B597FDBC8518}.Release|Any CPU.ActiveCfg = Release|x86
		{27246CC7-3DE9-4DC4-921F-B597FDBC8518}.Release|Any CPU.Build.0 = Release|x86
		{27246CC7-3DE9-4DC4-921F-B597FDBC8518}.Release|Any CPU.Deploy.0 = Release|x86
		{27246CC7-3DE9-4DC4-921F-B597FDBC8518}.Release|ARM.ActiveCfg = Release|ARM
		{27246CC7-3DE9-4DC4-921F-B597FDBC8518}.Release|ARM.Build.0 = Release|ARM
		{27246CC7-3DE9-4DC4-921F-B597FDBC8518}.Release|ARM.Deploy.0 = Release|ARM
		{27246CC7-3DE9-4DC4-921F-B597FDBC8518}.Release|iPhone.ActiveCfg = Release|x86
		{27246CC7-3DE9-4DC4-921F-B597FDBC8518}.Release|iPhone.Build.0 = Release|x86
		{27246CC7-3DE9-4DC4-921F-B597FDBC8518}.Release|iPhone.Deploy.0 = Release|x86
		{27246CC7-3DE9-4DC4-921F-B597FDBC8518}.Release|iPhoneSimulator.ActiveCfg = Release|x86
		{27246CC7-3DE9-4DC4-921F-B597FDBC8518}.Release|iPhoneSimulator.Build.0 = Release|x86
		{27246CC7-3DE9-4DC4-921F-B597FDBC8518}.Release|iPhoneSimulator.Deploy.0 = Release|x86
		{27246CC7-3DE9-4DC4-921F-B597FDBC8518}.Release|x64.ActiveCfg = Release|x64
		{27246CC7-3DE9-4DC4-921F-B597FDBC8518}.Release|x64.Build.0 = Release|x64
		{27246CC7-3DE9-4DC4-921F-B597FDBC8518}.Release|x64.Deploy.0 = Release|x64
		{27246CC7-3DE9-4DC4-921F-B597FDBC8518}.Release|x86.ActiveCfg = Release|x86
		{27246CC7-3DE9-4DC4-921F-B597FDBC8518}.Release|x86.Build.0 = Release|x86
		{27246CC7-3DE9-4DC4-921F-B597FDBC8518}.Release|x86.Deploy.0 = Release|x86
		{EED4F629-4BC8-4D68-BCB0-288AF0D5BE8E}.Debug|Any CPU.ActiveCfg = Debug|Any CPU
		{EED4F629-4BC8-4D68-BCB0-288AF0D5BE8E}.Debug|Any CPU.Build.0 = Debug|Any CPU
		{EED4F629-4BC8-4D68-BCB0-288AF0D5BE8E}.Debug|Any CPU.Deploy.0 = Debug|Any CPU
		{EED4F629-4BC8-4D68-BCB0-288AF0D5BE8E}.Debug|ARM.ActiveCfg = Debug|Any CPU
		{EED4F629-4BC8-4D68-BCB0-288AF0D5BE8E}.Debug|ARM.Build.0 = Debug|Any CPU
		{EED4F629-4BC8-4D68-BCB0-288AF0D5BE8E}.Debug|ARM.Deploy.0 = Debug|Any CPU
		{EED4F629-4BC8-4D68-BCB0-288AF0D5BE8E}.Debug|iPhone.ActiveCfg = Debug|Any CPU
		{EED4F629-4BC8-4D68-BCB0-288AF0D5BE8E}.Debug|iPhone.Build.0 = Debug|Any CPU
		{EED4F629-4BC8-4D68-BCB0-288AF0D5BE8E}.Debug|iPhone.Deploy.0 = Debug|Any CPU
		{EED4F629-4BC8-4D68-BCB0-288AF0D5BE8E}.Debug|iPhoneSimulator.ActiveCfg = Debug|Any CPU
		{EED4F629-4BC8-4D68-BCB0-288AF0D5BE8E}.Debug|iPhoneSimulator.Build.0 = Debug|Any CPU
		{EED4F629-4BC8-4D68-BCB0-288AF0D5BE8E}.Debug|iPhoneSimulator.Deploy.0 = Debug|Any CPU
		{EED4F629-4BC8-4D68-BCB0-288AF0D5BE8E}.Debug|x64.ActiveCfg = Debug|Any CPU
		{EED4F629-4BC8-4D68-BCB0-288AF0D5BE8E}.Debug|x64.Build.0 = Debug|Any CPU
		{EED4F629-4BC8-4D68-BCB0-288AF0D5BE8E}.Debug|x64.Deploy.0 = Debug|Any CPU
		{EED4F629-4BC8-4D68-BCB0-288AF0D5BE8E}.Debug|x86.ActiveCfg = Debug|Any CPU
		{EED4F629-4BC8-4D68-BCB0-288AF0D5BE8E}.Debug|x86.Build.0 = Debug|Any CPU
		{EED4F629-4BC8-4D68-BCB0-288AF0D5BE8E}.Debug|x86.Deploy.0 = Debug|Any CPU
		{EED4F629-4BC8-4D68-BCB0-288AF0D5BE8E}.Release|Any CPU.ActiveCfg = Release|Any CPU
		{EED4F629-4BC8-4D68-BCB0-288AF0D5BE8E}.Release|Any CPU.Build.0 = Release|Any CPU
		{EED4F629-4BC8-4D68-BCB0-288AF0D5BE8E}.Release|Any CPU.Deploy.0 = Release|Any CPU
		{EED4F629-4BC8-4D68-BCB0-288AF0D5BE8E}.Release|ARM.ActiveCfg = Release|Any CPU
		{EED4F629-4BC8-4D68-BCB0-288AF0D5BE8E}.Release|ARM.Build.0 = Release|Any CPU
		{EED4F629-4BC8-4D68-BCB0-288AF0D5BE8E}.Release|ARM.Deploy.0 = Release|Any CPU
		{EED4F629-4BC8-4D68-BCB0-288AF0D5BE8E}.Release|iPhone.ActiveCfg = Release|Any CPU
		{EED4F629-4BC8-4D68-BCB0-288AF0D5BE8E}.Release|iPhone.Build.0 = Release|Any CPU
		{EED4F629-4BC8-4D68-BCB0-288AF0D5BE8E}.Release|iPhone.Deploy.0 = Release|Any CPU
		{EED4F629-4BC8-4D68-BCB0-288AF0D5BE8E}.Release|iPhoneSimulator.ActiveCfg = Release|Any CPU
		{EED4F629-4BC8-4D68-BCB0-288AF0D5BE8E}.Release|iPhoneSimulator.Build.0 = Release|Any CPU
		{EED4F629-4BC8-4D68-BCB0-288AF0D5BE8E}.Release|iPhoneSimulator.Deploy.0 = Release|Any CPU
		{EED4F629-4BC8-4D68-BCB0-288AF0D5BE8E}.Release|x64.ActiveCfg = Release|Any CPU
		{EED4F629-4BC8-4D68-BCB0-288AF0D5BE8E}.Release|x64.Build.0 = Release|Any CPU
		{EED4F629-4BC8-4D68-BCB0-288AF0D5BE8E}.Release|x64.Deploy.0 = Release|Any CPU
		{EED4F629-4BC8-4D68-BCB0-288AF0D5BE8E}.Release|x86.ActiveCfg = Release|Any CPU
		{EED4F629-4BC8-4D68-BCB0-288AF0D5BE8E}.Release|x86.Build.0 = Release|Any CPU
		{EED4F629-4BC8-4D68-BCB0-288AF0D5BE8E}.Release|x86.Deploy.0 = Release|Any CPU
		{D3CC0748-C784-4BF4-805E-A2E9B9AB5F28}.Debug|Any CPU.ActiveCfg = Debug|iPhoneSimulator
		{D3CC0748-C784-4BF4-805E-A2E9B9AB5F28}.Debug|Any CPU.Build.0 = Debug|iPhoneSimulator
		{D3CC0748-C784-4BF4-805E-A2E9B9AB5F28}.Debug|Any CPU.Deploy.0 = Debug|iPhoneSimulator
		{D3CC0748-C784-4BF4-805E-A2E9B9AB5F28}.Debug|ARM.ActiveCfg = Debug|iPhone
		{D3CC0748-C784-4BF4-805E-A2E9B9AB5F28}.Debug|ARM.Build.0 = Debug|iPhone
		{D3CC0748-C784-4BF4-805E-A2E9B9AB5F28}.Debug|ARM.Deploy.0 = Debug|iPhone
		{D3CC0748-C784-4BF4-805E-A2E9B9AB5F28}.Debug|iPhone.ActiveCfg = Debug|iPhone
		{D3CC0748-C784-4BF4-805E-A2E9B9AB5F28}.Debug|iPhone.Build.0 = Debug|iPhone
		{D3CC0748-C784-4BF4-805E-A2E9B9AB5F28}.Debug|iPhone.Deploy.0 = Debug|iPhone
		{D3CC0748-C784-4BF4-805E-A2E9B9AB5F28}.Debug|iPhoneSimulator.ActiveCfg = Debug|iPhoneSimulator
		{D3CC0748-C784-4BF4-805E-A2E9B9AB5F28}.Debug|iPhoneSimulator.Build.0 = Debug|iPhoneSimulator
		{D3CC0748-C784-4BF4-805E-A2E9B9AB5F28}.Debug|iPhoneSimulator.Deploy.0 = Debug|iPhoneSimulator
		{D3CC0748-C784-4BF4-805E-A2E9B9AB5F28}.Debug|x64.ActiveCfg = Debug|iPhoneSimulator
		{D3CC0748-C784-4BF4-805E-A2E9B9AB5F28}.Debug|x64.Build.0 = Debug|iPhoneSimulator
		{D3CC0748-C784-4BF4-805E-A2E9B9AB5F28}.Debug|x64.Deploy.0 = Debug|iPhoneSimulator
		{D3CC0748-C784-4BF4-805E-A2E9B9AB5F28}.Debug|x86.ActiveCfg = Debug|iPhoneSimulator
		{D3CC0748-C784-4BF4-805E-A2E9B9AB5F28}.Debug|x86.Build.0 = Debug|iPhoneSimulator
		{D3CC0748-C784-4BF4-805E-A2E9B9AB5F28}.Debug|x86.Deploy.0 = Debug|iPhoneSimulator
		{D3CC0748-C784-4BF4-805E-A2E9B9AB5F28}.Release|Any CPU.ActiveCfg = Release|iPhoneSimulator
		{D3CC0748-C784-4BF4-805E-A2E9B9AB5F28}.Release|Any CPU.Build.0 = Release|iPhoneSimulator
		{D3CC0748-C784-4BF4-805E-A2E9B9AB5F28}.Release|Any CPU.Deploy.0 = Release|iPhoneSimulator
		{D3CC0748-C784-4BF4-805E-A2E9B9AB5F28}.Release|ARM.ActiveCfg = Release|iPhoneSimulator
		{D3CC0748-C784-4BF4-805E-A2E9B9AB5F28}.Release|ARM.Build.0 = Release|iPhoneSimulator
		{D3CC0748-C784-4BF4-805E-A2E9B9AB5F28}.Release|ARM.Deploy.0 = Release|iPhoneSimulator
		{D3CC0748-C784-4BF4-805E-A2E9B9AB5F28}.Release|iPhone.ActiveCfg = Release|iPhone
		{D3CC0748-C784-4BF4-805E-A2E9B9AB5F28}.Release|iPhone.Build.0 = Release|iPhone
		{D3CC0748-C784-4BF4-805E-A2E9B9AB5F28}.Release|iPhone.Deploy.0 = Release|iPhone
		{D3CC0748-C784-4BF4-805E-A2E9B9AB5F28}.Release|iPhoneSimulator.ActiveCfg = Release|iPhoneSimulator
		{D3CC0748-C784-4BF4-805E-A2E9B9AB5F28}.Release|iPhoneSimulator.Build.0 = Release|iPhoneSimulator
		{D3CC0748-C784-4BF4-805E-A2E9B9AB5F28}.Release|iPhoneSimulator.Deploy.0 = Release|iPhoneSimulator
		{D3CC0748-C784-4BF4-805E-A2E9B9AB5F28}.Release|x64.ActiveCfg = Release|iPhoneSimulator
		{D3CC0748-C784-4BF4-805E-A2E9B9AB5F28}.Release|x64.Build.0 = Release|iPhoneSimulator
		{D3CC0748-C784-4BF4-805E-A2E9B9AB5F28}.Release|x64.Deploy.0 = Release|iPhoneSimulator
		{D3CC0748-C784-4BF4-805E-A2E9B9AB5F28}.Release|x86.ActiveCfg = Release|iPhoneSimulator
		{D3CC0748-C784-4BF4-805E-A2E9B9AB5F28}.Release|x86.Build.0 = Release|iPhoneSimulator
		{D3CC0748-C784-4BF4-805E-A2E9B9AB5F28}.Release|x86.Deploy.0 = Release|iPhoneSimulator
		{5F8D78D3-AD8F-4097-B8DC-FEA42C13EC78}.Debug|Any CPU.ActiveCfg = Debug|Any CPU
		{5F8D78D3-AD8F-4097-B8DC-FEA42C13EC78}.Debug|Any CPU.Build.0 = Debug|Any CPU
		{5F8D78D3-AD8F-4097-B8DC-FEA42C13EC78}.Debug|Any CPU.Deploy.0 = Debug|Any CPU
		{5F8D78D3-AD8F-4097-B8DC-FEA42C13EC78}.Debug|ARM.ActiveCfg = Debug|Any CPU
		{5F8D78D3-AD8F-4097-B8DC-FEA42C13EC78}.Debug|ARM.Build.0 = Debug|Any CPU
		{5F8D78D3-AD8F-4097-B8DC-FEA42C13EC78}.Debug|ARM.Deploy.0 = Debug|Any CPU
		{5F8D78D3-AD8F-4097-B8DC-FEA42C13EC78}.Debug|iPhone.ActiveCfg = Debug|Any CPU
		{5F8D78D3-AD8F-4097-B8DC-FEA42C13EC78}.Debug|iPhone.Build.0 = Debug|Any CPU
		{5F8D78D3-AD8F-4097-B8DC-FEA42C13EC78}.Debug|iPhone.Deploy.0 = Debug|Any CPU
		{5F8D78D3-AD8F-4097-B8DC-FEA42C13EC78}.Debug|iPhoneSimulator.ActiveCfg = Debug|Any CPU
		{5F8D78D3-AD8F-4097-B8DC-FEA42C13EC78}.Debug|iPhoneSimulator.Build.0 = Debug|Any CPU
		{5F8D78D3-AD8F-4097-B8DC-FEA42C13EC78}.Debug|iPhoneSimulator.Deploy.0 = Debug|Any CPU
		{5F8D78D3-AD8F-4097-B8DC-FEA42C13EC78}.Debug|x64.ActiveCfg = Debug|Any CPU
		{5F8D78D3-AD8F-4097-B8DC-FEA42C13EC78}.Debug|x64.Build.0 = Debug|Any CPU
		{5F8D78D3-AD8F-4097-B8DC-FEA42C13EC78}.Debug|x64.Deploy.0 = Debug|Any CPU
		{5F8D78D3-AD8F-4097-B8DC-FEA42C13EC78}.Debug|x86.ActiveCfg = Debug|Any CPU
		{5F8D78D3-AD8F-4097-B8DC-FEA42C13EC78}.Debug|x86.Build.0 = Debug|Any CPU
		{5F8D78D3-AD8F-4097-B8DC-FEA42C13EC78}.Debug|x86.Deploy.0 = Debug|Any CPU
		{5F8D78D3-AD8F-4097-B8DC-FEA42C13EC78}.Release|Any CPU.ActiveCfg = Release|Any CPU
		{5F8D78D3-AD8F-4097-B8DC-FEA42C13EC78}.Release|Any CPU.Build.0 = Release|Any CPU
		{5F8D78D3-AD8F-4097-B8DC-FEA42C13EC78}.Release|Any CPU.Deploy.0 = Release|Any CPU
		{5F8D78D3-AD8F-4097-B8DC-FEA42C13EC78}.Release|ARM.ActiveCfg = Release|Any CPU
		{5F8D78D3-AD8F-4097-B8DC-FEA42C13EC78}.Release|ARM.Build.0 = Release|Any CPU
		{5F8D78D3-AD8F-4097-B8DC-FEA42C13EC78}.Release|ARM.Deploy.0 = Release|Any CPU
		{5F8D78D3-AD8F-4097-B8DC-FEA42C13EC78}.Release|iPhone.ActiveCfg = Release|Any CPU
		{5F8D78D3-AD8F-4097-B8DC-FEA42C13EC78}.Release|iPhone.Build.0 = Release|Any CPU
		{5F8D78D3-AD8F-4097-B8DC-FEA42C13EC78}.Release|iPhone.Deploy.0 = Release|Any CPU
		{5F8D78D3-AD8F-4097-B8DC-FEA42C13EC78}.Release|iPhoneSimulator.ActiveCfg = Release|Any CPU
		{5F8D78D3-AD8F-4097-B8DC-FEA42C13EC78}.Release|iPhoneSimulator.Build.0 = Release|Any CPU
		{5F8D78D3-AD8F-4097-B8DC-FEA42C13EC78}.Release|iPhoneSimulator.Deploy.0 = Release|Any CPU
		{5F8D78D3-AD8F-4097-B8DC-FEA42C13EC78}.Release|x64.ActiveCfg = Release|Any CPU
		{5F8D78D3-AD8F-4097-B8DC-FEA42C13EC78}.Release|x64.Build.0 = Release|Any CPU
		{5F8D78D3-AD8F-4097-B8DC-FEA42C13EC78}.Release|x64.Deploy.0 = Release|Any CPU
		{5F8D78D3-AD8F-4097-B8DC-FEA42C13EC78}.Release|x86.ActiveCfg = Release|Any CPU
		{5F8D78D3-AD8F-4097-B8DC-FEA42C13EC78}.Release|x86.Build.0 = Release|Any CPU
		{5F8D78D3-AD8F-4097-B8DC-FEA42C13EC78}.Release|x86.Deploy.0 = Release|Any CPU
	EndGlobalSection
	GlobalSection(SolutionProperties) = preSolution
		HideSolutionNode = FALSE
	EndGlobalSection
	GlobalSection(ExtensibilityGlobals) = postSolution
		SolutionGuid = {DEA84B80-DF31-4AC9-A1A2-789A17B0AC37}
	EndGlobalSection
EndGlobal
